
Microsoft Visual Studio Solution File, Format Version 12.00
# Visual Studio Version 17
VisualStudioVersion = 17.6.33815.320
MinimumVisualStudioVersion = 10.0.40219.1
Project("{9A19103F-16F7-4668-BE54-9A1E7A4F7556}") = "SpaceAlertSolver", "SpaceAlertSolver\SpaceAlertSolver.csproj", "{5653EA5E-5BFE-4C0D-BCAE-BEC392458069}"
EndProject
Project("{9A19103F-16F7-4668-BE54-9A1E7A4F7556}") = "SpaceAlertSolverTests", "SpaceAlertSolverTests\SpaceAlertSolverTests.csproj", "{9EFB5DAF-CA6C-4AE3-9B8B-CC68C7314135}"
EndProject
Project("{9A19103F-16F7-4668-BE54-9A1E7A4F7556}") = "Benchmark", "Benchmark\Benchmark.csproj", "{5FF8F607-98E6-491B-AC47-0FD22A8BB931}"
EndProject
Project("{9A19103F-16F7-4668-BE54-9A1E7A4F7556}") = "SimulationGenerator", "SimulationGenerator\SimulationGenerator.csproj", "{2C47ABF3-370A-40F3-9CCD-AE9BA0041E21}"
EndProject
Global
	GlobalSection(SolutionConfigurationPlatforms) = preSolution
		Debug|Any CPU = Debug|Any CPU
		Release|Any CPU = Release|Any CPU
	EndGlobalSection
	GlobalSection(ProjectConfigurationPlatforms) = postSolution
		{5653EA5E-5BFE-4C0D-BCAE-BEC392458069}.Debug|Any CPU.ActiveCfg = Debug|Any CPU
		{5653EA5E-5BFE-4C0D-BCAE-BEC392458069}.Debug|Any CPU.Build.0 = Debug|Any CPU
		{5653EA5E-5BFE-4C0D-BCAE-BEC392458069}.Release|Any CPU.ActiveCfg = Release|Any CPU
		{5653EA5E-5BFE-4C0D-BCAE-BEC392458069}.Release|Any CPU.Build.0 = Release|Any CPU
		{9EFB5DAF-CA6C-4AE3-9B8B-CC68C7314135}.Debug|Any CPU.ActiveCfg = Debug|Any CPU
		{9EFB5DAF-CA6C-4AE3-9B8B-CC68C7314135}.Debug|Any CPU.Build.0 = Debug|Any CPU
		{9EFB5DAF-CA6C-4AE3-9B8B-CC68C7314135}.Release|Any CPU.ActiveCfg = Release|Any CPU
		{9EFB5DAF-CA6C-4AE3-9B8B-CC68C7314135}.Release|Any CPU.Build.0 = Release|Any CPU
		{5FF8F607-98E6-491B-AC47-0FD22A8BB931}.Debug|Any CPU.ActiveCfg = Debug|Any CPU
		{5FF8F607-98E6-491B-AC47-0FD22A8BB931}.Debug|Any CPU.Build.0 = Debug|Any CPU
		{5FF8F607-98E6-491B-AC47-0FD22A8BB931}.Release|Any CPU.ActiveCfg = Release|Any CPU
		{5FF8F607-98E6-491B-AC47-0FD22A8BB931}.Release|Any CPU.Build.0 = Release|Any CPU
		{2C47ABF3-370A-40F3-9CCD-AE9BA0041E21}.Debug|Any CPU.ActiveCfg = Debug|Any CPU
		{2C47ABF3-370A-40F3-9CCD-AE9BA0041E21}.Debug|Any CPU.Build.0 = Debug|Any CPU
		{2C47ABF3-370A-40F3-9CCD-AE9BA0041E21}.Release|Any CPU.ActiveCfg = Release|Any CPU
		{2C47ABF3-370A-40F3-9CCD-AE9BA0041E21}.Release|Any CPU.Build.0 = Release|Any CPU
	EndGlobalSection
	GlobalSection(SolutionProperties) = preSolution
		HideSolutionNode = FALSE
	EndGlobalSection
	GlobalSection(ExtensibilityGlobals) = postSolution
		SolutionGuid = {1C79579B-F472-44EF-8CEE-D7E2A9CD518E}
	EndGlobalSection
EndGlobal
